
Microsoft Visual Studio Solution File, Format Version 12.00
# Visual Studio Version 16
VisualStudioVersion = 16.0.35826.135
MinimumVisualStudioVersion = 10.0.40219.1
Project("{C9674DCB-5085-4A16-B785-4C70DD1589BD}") = "churn_project", "churn_project\churn_project.dtproj", "{3AE838BC-1837-44C3-B591-A95495F455BE}"
EndProject
Global
	GlobalSection(SolutionConfigurationPlatforms) = preSolution
		Development|Default = Development|Default
	EndGlobalSection
	GlobalSection(ProjectConfigurationPlatforms) = postSolution
		{3AE838BC-1837-44C3-B591-A95495F455BE}.Development|Default.ActiveCfg = Development
		{3AE838BC-1837-44C3-B591-A95495F455BE}.Development|Default.Build.0 = Development
	EndGlobalSection
	GlobalSection(SolutionProperties) = preSolution
		HideSolutionNode = FALSE
	EndGlobalSection
	GlobalSection(ExtensibilityGlobals) = postSolution
		SolutionGuid = {074FAB2A-A3A6-49C4-924E-A54F46337101}
	EndGlobalSection
EndGlobal
